{
  "name": "ratelimit-fastify",
  "version": "1.0.0",
  "lockfileVersion": 3,
  "requires": true,
  "packages": {
    "": {
      "name": "ratelimit-fastify",
      "version": "1.0.0",
      "license": "ISC",
      "dependencies": {
        "@unkey/ratelimit": "^0.4.5",
        "dotenv": "^16.4.5"
      }
    },
    "node_modules/@unkey/api": {
      "version": "0.26.2",
      "resolved": "https://registry.npmjs.org/@unkey/api/-/api-0.26.2.tgz",
      "integrity": "sha512-huHF5AbX1NL2MJHSfsO1mB9CSA1CgTlgdPUGZgYCll3BOCKRneYiZ2GgYGiWFbtYaUimjaZgHyGnH9fpQlDFjA==",
      "license": "MIT",
      "dependencies": {
        "@unkey/rbac": "^0.3.1"
      }
    },
    "node_modules/@unkey/error": {
      "version": "0.2.0",
      "resolved": "https://registry.npmjs.org/@unkey/error/-/error-0.2.0.tgz",
      "integrity": "sha512-DFGb4A7SrusZPP0FYuRIF0CO+Gi4etLUAEJ6EKc+TKYmscL0nEJ2Pr38FyX9MvjI4Wx5l35Wc9KsBjMm9Ybh7w==",
      "license": "MIT",
      "dependencies": {
        "zod": "^3.23.5"
      }
    },
    "node_modules/@unkey/ratelimit": {
      "version": "0.4.5",
      "resolved": "https://registry.npmjs.org/@unkey/ratelimit/-/ratelimit-0.4.5.tgz",
      "integrity": "sha512-L/Qlxm9rjPfawCmTBZfzR+mwtRy/njcKuYHQK7qJ5AnlTGqzHmHk5aW7K9z9hzEz/USm7E+zLwFnjzsvXTWGlw==",
      "license": "MIT",
      "dependencies": {
        "@unkey/api": "^0.26.2"
      }
    },
    "node_modules/@unkey/rbac": {
      "version": "0.3.1",
      "resolved": "https://registry.npmjs.org/@unkey/rbac/-/rbac-0.3.1.tgz",
      "integrity": "sha512-Hj+52XRIlBBl3/qOUq9K71Fwy3PWExBQOpOClVYHdrcmbgqNL6L4EdW/BzliLhqPCdwZTPVSJTnZ3Hw4ZYixsQ==",
      "license": "MIT",
      "dependencies": {
        "@unkey/error": "^0.2.0",
        "zod": "^3.23.5"
      }
    },
    "node_modules/dotenv": {
      "version": "16.4.5",
      "resolved": "https://registry.npmjs.org/dotenv/-/dotenv-16.4.5.tgz",
      "integrity": "sha512-ZmdL2rui+eB2YwhsWzjInR8LldtZHGDoQ1ugH85ppHKwpUHL7j7rN0Ti9NCnGiQbhaZ11FpR+7ao1dNsmduNUg==",
      "license": "BSD-2-Clause",
      "engines": {
        "node": ">=12"
      },
      "funding": {
        "url": "https://dotenvx.com"
      }
    },
    "node_modules/zod": {
      "version": "3.23.8",
      "resolved": "https://registry.npmjs.org/zod/-/zod-3.23.8.tgz",
      "integrity": "sha512-XBx9AXhXktjUqnepgTiE5flcKIYWi/rme0Eaj+5Y0lftuGBq+jyRu/md4WnuxqgP1ubdpNCsYEYPxrzVHD8d6g==",
      "license": "MIT",
      "funding": {
        "url": "https://github.com/sponsors/colinhacks"
      }
    }
  }
}
